github.com/AdoPiSoft/com.adopisoft.basic-flare-theme v0.0.0-20230804081032-521d80dbda83 h1:2PvcqwXhz0ulMF4SrxDN4ai7CmRpcd0ufzX805qJdAk=
github.com/AdoPiSoft/com.adopisoft.basic-flare-theme v0.0.0-20230804081032-521d80dbda83/go.mod h1:faRWJfA2W15tALQ93y99zCMEVOTyTQ1O8vZjRnJGcXs=
github.com/cheekybits/is v0.0.0-20150225183255-68e9c0620927/go.mod h1:h/aW8ynjgkuj+NQRlZcDbAbM1ORAbXjXX77sX7T289U=
github.com/creack/pty v1.1.9/go.mod h1:oKZEueFk5CKHvIhNR5MUki03XCEU+Q6VDXinZuGJ33E=
github.com/davecgh/go-spew v1.1.0/go.mod h1:J7Y8YcW2NihsgmVo/mv3lAwl/skON4iLHjSsI+c5H38=
github.com/davecgh/go-spew v1.1.1 h1:vj9j/u1bqnvCEfJOwUhtlOARqs3+rkHYY13jYWTU97c=
github.com/davecgh/go-spew v1.1.1/go.mod h1:J7Y8YcW2NihsgmVo/mv3lAwl/skON4iLHjSsI+c5H38=
github.com/djherbis/atime v1.1.0/go.mod h1:28OF6Y8s3NQWwacXc5eZTsEsiMzp7LF8MbXE+XJPdBE=
github.com/dustin/go-humanize v1.0.0/go.mod h1:HtrtbFcZ19U5GC7JDqmcUSB87Iq5E25KnS6fMYU6eOk=
github.com/flarehotspot/com.flarego.basic-net-mgr v0.0.0-20230803112026-4659855d588a h1:Y5UvvypnKq+/VAe7dKCgGge8cJwlsdzkMCnH5YxwFek=
github.com/flarehotspot/com.flarego.basic-net-mgr v0.0.0-20230803112026-4659855d588a/go.mod h1:WPhlQ2FtCG3xFmOjI/b15j9wX6cRpwVp6D8vgYj0qrQ=
github.com/flarehotspot/com.flarego.basic-system-account v0.0.0-20230804093152-4b577996b4a6 h1:ciIE4bDiO/vQ5g5728Xj2D/RGmnL2P2LQxJoAarZHS8=
github.com/flarehotspot/com.flarego.basic-system-account v0.0.0-20230804093152-4b577996b4a6/go.mod h1:PEdgjlMCT4eYuI+SScz0BG1fZ1VYb0A6k/wrnZ6t1N0=
github.com/flarehotspot/com.flarego.basic-wifi-hotspot v0.0.0-20230804081105-0373d12701f9 h1:Am3e7Cu8Wd9cyD2e/95h//2MYn7IzOdfc2ALtP/skIc=
github.com/flarehotspot/com.flarego.basic-wifi-hotspot v0.0.0-20230804081105-0373d12701f9/go.mod h1:5E40U0exr8Qf+3cNhuJCPyMXs/hVhWoxNnzcn7DQYbs=
github.com/flarehotspot/com.flarego.wired-coinslot v0.0.0-20230804093620-4de44b8d02b7 h1:v8iOZ84XPICjbagUrI++AIHLgMTcdniyhdB8GEE7Sls=
github.com/flarehotspot/com.flarego.wired-coinslot v0.0.0-20230804093620-4de44b8d02b7/go.mod h1:jMqq7vzh7ql+lRbYrEVvejnayTwe3XMryWa96Qe36Fo=
github.com/flarehotspot/goutils v0.0.0-20230804081127-6c651e956d70 h1:z4ai6U821Ti6bkDL9tpEAve55ixpjgiCn7YFqRDCtNA=
github.com/flarehotspot/goutils v0.0.0-20230804081127-6c651e956d70/go.mod h1:rgm2HeXZFsQJJ4sNvaMopj+n93veXCTjKJU4aPVDD6E=
github.com/flarehotspot/core/sdk v0.0.0-20230804201659-f94a1a775b48 h1:kqrUuzKQNJc3WAIN+O4hZOAgBHn8BtUwLOMMJvmNF1c=
github.com/flarehotspot/core/sdk v0.0.0-20230804201659-f94a1a775b48/go.mod h1:Y+rgMdDl5d82RGjDM8NMDPC6QUL1VMBIbASuyxazXaQ=
github.com/fsnotify/fsnotify v1.5.4/go.mod h1:OVB6XrOHzAwXMpEM7uPOzcehqUV2UqJxmVXmkdnm1bU=
github.com/go-sql-driver/mysql v1.7.0 h1:ueSltNNllEqE3qcWBTD0iQd3IpL/6U+mJxLkazJ7YPc=
github.com/go-sql-driver/mysql v1.7.0/go.mod h1:OXbVy3sEdcQ2Doequ6Z5BW6fXNQTmx+9S1MCJN5yJMI=
github.com/gorilla/mux v1.8.0 h1:i40aqfkR1h2SlN9hojwV5ZA91wcXFOvkdNIeFDP5koI=
github.com/gorilla/mux v1.8.0/go.mod h1:DVbg23sWSpFRCP0SfiEN6jmj59UnW/n46BH5rLB71So=
github.com/gosimple/unidecode v1.0.1 h1:hZzFTMMqSswvf0LBJZCZgThIZrpDHFXux9KeGmn6T/o=
github.com/gosimple/unidecode v1.0.1/go.mod h1:CP0Cr1Y1kogOtx0bJblKzsVWrqYaqfNOnHzpgWw4Awc=
github.com/kr/pretty v0.2.1 h1:Fmg33tUaq4/8ym9TJN1x7sLJnHVwhP33CNkpYV/7rwI=
github.com/kr/text v0.2.0 h1:5Nx0Ya0ZqY2ygV366QzturHI13Jq95ApcVaJBhpS+AY=
github.com/kr/text v0.2.0/go.mod h1:eLer722TekiGuMkidMxC/pM04lWEeraHUUmBw8l2grE=
github.com/matryer/try v0.0.0-20161228173917-9ac251b645a2/go.mod h1:0KeJpeMD6o+O4hW7qJOT7vyQPKrWmj26uf5wMc/IiIs=
github.com/pmezard/go-difflib v1.0.0 h1:4DBwDE0NGyQoBHbLQYPwSUPoCMWR5BEzIk/f1lZbAQM=
github.com/pmezard/go-difflib v1.0.0/go.mod h1:iKH77koFhYxTK1pcRnkKkqfTogsbg7gZNVY4sRDYZ/4=
github.com/spf13/pflag v1.0.5/go.mod h1:McXfInJRrz4CZXVZOBLb0bTZqETkiAhM9Iw0y3An2Bg=
github.com/stretchr/objx v0.1.0/go.mod h1:HFkY916IF+rwdDfMAkV7OtwuqBVzrE8GR6GFx+wExME=
github.com/stretchr/objx v0.4.0/go.mod h1:YvHI0jy2hoMjB+UWwv71VJQ9isScKT/TqJzVSSt89Yw=
github.com/stretchr/objx v0.5.0/go.mod h1:Yh+to48EsGEfYuaHDzXPcE3xhTkx73EhmCGUpEOglKo=
github.com/stretchr/testify v1.7.1/go.mod h1:6Fq8oRcR53rry900zMqJjRRixrwX3KX962/h/Wwjteg=
github.com/stretchr/testify v1.8.0/go.mod h1:yNjHg4UonilssWZ8iaSj1OCr/vHnekPRkoO+kdMU+MU=
github.com/stretchr/testify v1.8.2 h1:+h33VjcLVPDHtOdpUCuF+7gSuG3yGIftsP1YvFihtJ8=
github.com/stretchr/testify v1.8.2/go.mod h1:w2LPCIKwWwSfY2zedu0+kehJoqGctiVI29o6fzry7u4=
github.com/tdewolff/minify/v2 v2.12.4 h1:kejsHQMM17n6/gwdw53qsi6lg0TGddZADVyQOz1KMdE=
github.com/tdewolff/minify/v2 v2.12.4/go.mod h1:h+SRvSIX3kwgwTFOpSckvSxgax3uy8kZTSF1Ojrr3bk=
github.com/tdewolff/parse/v2 v2.6.4/go.mod h1:woz0cgbLwFdtbjJu8PIKxhW05KplTFQkOdX78o+Jgrs=
github.com/tdewolff/parse/v2 v2.6.5 h1:lYvWBk55GkqKl0JJenGpmrgu/cPHQQ6/Mm1hBGswoGQ=
github.com/tdewolff/parse/v2 v2.6.5/go.mod h1:woz0cgbLwFdtbjJu8PIKxhW05KplTFQkOdX78o+Jgrs=
github.com/tdewolff/test v1.0.7 h1:8Vs0142DmPFW/bQeHRP3MV19m1gvndjUb1sn8yy74LM=
github.com/tdewolff/test v1.0.7/go.mod h1:6DAvZliBAAnD7rhVgwaM7DE5/d9NMOAJ09SqYqeK4QE=
golang.org/x/sys v0.0.0-20220412211240-33da011f77ad/go.mod h1:oPkhp1MJrh7nUepCBck5+mAzfO9JrbApNNgaTdGDITg=
gopkg.in/check.v1 v0.0.0-20161208181325-20d25e280405/go.mod h1:Co6ibVJAznAaIkqp8huTwlJQCZ016jof/cbN4VW5Yz0=
gopkg.in/check.v1 v1.0.0-20201130134442-10cb98267c6c h1:Hei/4ADfdWqJk1ZMxUNpqntNwaWcugrBjAiHlqqRiVk=
gopkg.in/yaml.v3 v3.0.0-20200313102051-9f266ea9e77c/go.mod h1:K4uyk7z7BCEPqu6E+C64Yfv1cQ7kz7rIZviUmN+EgEM=
gopkg.in/yaml.v3 v3.0.1 h1:fxVm/GzAzEWqLHuvctI91KS9hhNmmWOoWu0XTYJS7CA=
gopkg.in/yaml.v3 v3.0.1/go.mod h1:K4uyk7z7BCEPqu6E+C64Yfv1cQ7kz7rIZviUmN+EgEM=
